
Microsoft Visual Studio Solution File, Format Version 12.00
# Visual Studio Version 17
VisualStudioVersion = 17.8.34330.188
MinimumVisualStudioVersion = 10.0.40219.1
Project("{FAE04EC0-301F-11D3-BF4B-00C04F79EFBC}") = "InformacioniSistemAvioKompanije", "InformacioniSistemAvioKompanije\InformacioniSistemAvioKompanije.csproj", "{4A0CFC9A-9C41-4D75-B4C7-49C87F63E8F0}"
EndProject
Global
	GlobalSection(SolutionConfigurationPlatforms) = preSolution
		Debug|Any CPU = Debug|Any CPU
		Release|Any CPU = Release|Any CPU
	EndGlobalSection
	GlobalSection(ProjectConfigurationPlatforms) = postSolution
		{4A0CFC9A-9C41-4D75-B4C7-49C87F63E8F0}.Debug|Any CPU.ActiveCfg = Debug|Any CPU
		{4A0CFC9A-9C41-4D75-B4C7-49C87F63E8F0}.Debug|Any CPU.Build.0 = Debug|Any CPU
		{4A0CFC9A-9C41-4D75-B4C7-49C87F63E8F0}.Release|Any CPU.ActiveCfg = Release|Any CPU
		{4A0CFC9A-9C41-4D75-B4C7-49C87F63E8F0}.Release|Any CPU.Build.0 = Release|Any CPU
	EndGlobalSection
	GlobalSection(SolutionProperties) = preSolution
		HideSolutionNode = FALSE
	EndGlobalSection
	GlobalSection(ExtensibilityGlobals) = postSolution
		SolutionGuid = {7E92A456-793D-46FA-8861-6AFDD3C6BB18}
	EndGlobalSection
EndGlobal
